
Microsoft Visual Studio Solution File, Format Version 12.00
# Visual Studio Version 17
VisualStudioVersion = 17.0.32112.339
MinimumVisualStudioVersion = 10.0.40219.1
Project("{FAE04EC0-301F-11D3-BF4B-00C04F79EFBC}") = "FlappyBird", "FlappyBird\FlappyBird.csproj", "{39F9EAD8-5E02-421C-9C53-C0897B405026}"
EndProject
Global
	GlobalSection(SolutionConfigurationPlatforms) = preSolution
		Debug|Any CPU = Debug|Any CPU
		Release|Any CPU = Release|Any CPU
	EndGlobalSection
	GlobalSection(ProjectConfigurationPlatforms) = postSolution
		{39F9EAD8-5E02-421C-9C53-C0897B405026}.Debug|Any CPU.ActiveCfg = Debug|Any CPU
		{39F9EAD8-5E02-421C-9C53-C0897B405026}.Debug|Any CPU.Build.0 = Debug|Any CPU
		{39F9EAD8-5E02-421C-9C53-C0897B405026}.Release|Any CPU.ActiveCfg = Release|Any CPU
		{39F9EAD8-5E02-421C-9C53-C0897B405026}.Release|Any CPU.Build.0 = Release|Any CPU
	EndGlobalSection
	GlobalSection(SolutionProperties) = preSolution
		HideSolutionNode = FALSE
	EndGlobalSection
	GlobalSection(ExtensibilityGlobals) = postSolution
		SolutionGuid = {5770CCEA-A05B-4DA6-9809-77D51F3FC5CB}
	EndGlobalSection
EndGlobal
